{
  "name": "hotel-search",
  "version": "1.0.0",
  "lockfileVersion": 3,
  "requires": true,
  "packages": {
    "": {
      "name": "hotel-search",
      "version": "1.0.0",
      "dependencies": {
        "bootswatch": "^5.3.6",
        "just": "^0.1.8",
        "uuid": "^9.0.1"
      }
    },
    "node_modules/bootswatch": {
      "version": "5.3.6",
      "resolved": "https://registry.npmjs.org/bootswatch/-/bootswatch-5.3.6.tgz",
      "integrity": "sha512-d2Kwu5IaALz9gb7fmW20mXU4oCJqBrXmJ3ffk8bZPIOMohJOt0/549liK2Jp9zalkxg30dZ+1wf4OH2m1lJC9w==",
      "license": "MIT"
    },
    "node_modules/just": {
      "version": "0.1.8",
      "resolved": "https://registry.npmjs.org/just/-/just-0.1.8.tgz",
      "integrity": "sha512-MthnDq23szARlHgY638t17BLLWa/4S8NbN6LlUzSGzG7hKLlC2M+gzd4rxcSixOlM530LnsRgbe10b2/EPbsQg==",
      "engines": {
        "node": ">= 0.4.0"
      }
    },
    "node_modules/uuid": {
      "version": "9.0.1",
      "resolved": "https://registry.npmjs.org/uuid/-/uuid-9.0.1.tgz",
      "integrity": "sha512-b+1eJOlsR9K8HJpow9Ok3fiWOWSIcIzXodvv0rQjVoOVNpWMpxf1wZNpt4y9h10odCNrqnYp1OBzRktckBe3sA==",
      "funding": [
        "https://github.com/sponsors/broofa",
        "https://github.com/sponsors/ctavan"
      ],
      "license": "MIT",
      "bin": {
        "uuid": "dist/bin/uuid"
      }
    }
  }
}
